{
  "version": 4,
  "terraform_version": "1.6.4",
  "serial": 1,
  "lineage": "e6f91608-7257-fd15-87de-3ab17153c9d5",
  "outputs": {},
  "resources": [
    {
      "mode": "managed",
      "type": "aws_iam_user",
      "name": "Admin",
      "provider": "provider[\"registry.terraform.io/hashicorp/aws\"]",
      "instances": [
        {
          "schema_version": 0,
          "attributes": {
            "arn": "arn:aws:iam::336416284373:user/sravani2",
            "force_destroy": false,
            "id": "sravani2",
            "name": "sravani2",
            "path": "/",
            "permissions_boundary": "",
            "tags": {
              "description": "senior devops engineer"
            },
            "tags_all": {
              "description": "senior devops engineer"
            },
            "unique_id": "AIDAU4U7ZD3K6DGBLJIDF"
          },
          "sensitive_attributes": [],
          "private": "bnVsbA=="
        }
      ]
    }
  ],
  "check_results": null
}
